
Microsoft Visual Studio Solution File, Format Version 12.00
# Visual Studio Version 16
VisualStudioVersion = 16.0.29728.190
MinimumVisualStudioVersion = 10.0.40219.1
Project("{FAE04EC0-301F-11D3-BF4B-00C04F79EFBC}") = "WebApiReserva", "WebApiReserva\WebApiReserva.csproj", "{A54A258B-CB2D-4B3B-A431-A132DCEFEF90}"
EndProject
Global
	GlobalSection(SolutionConfigurationPlatforms) = preSolution
		Debug|Any CPU = Debug|Any CPU
		Release|Any CPU = Release|Any CPU
	EndGlobalSection
	GlobalSection(ProjectConfigurationPlatforms) = postSolution
		{A54A258B-CB2D-4B3B-A431-A132DCEFEF90}.Debug|Any CPU.ActiveCfg = Debug|Any CPU
		{A54A258B-CB2D-4B3B-A431-A132DCEFEF90}.Debug|Any CPU.Build.0 = Debug|Any CPU
		{A54A258B-CB2D-4B3B-A431-A132DCEFEF90}.Release|Any CPU.ActiveCfg = Release|Any CPU
		{A54A258B-CB2D-4B3B-A431-A132DCEFEF90}.Release|Any CPU.Build.0 = Release|Any CPU
	EndGlobalSection
	GlobalSection(SolutionProperties) = preSolution
		HideSolutionNode = FALSE
	EndGlobalSection
	GlobalSection(ExtensibilityGlobals) = postSolution
		SolutionGuid = {ABCB487F-5A9A-455A-A96F-C8AB3DB8E5B2}
	EndGlobalSection
EndGlobal
